
Microsoft Visual Studio Solution File, Format Version 12.00
# Visual Studio Version 16
VisualStudioVersion = 16.0.28922.388
MinimumVisualStudioVersion = 10.0.40219.1
Project("{FAE04EC0-301F-11D3-BF4B-00C04F79EFBC}") = "AreaNVolume", "AreaNVolume\AreaNVolume.csproj", "{70FDEA48-9911-4111-B26E-6B059D08A998}"
EndProject
Global
	GlobalSection(SolutionConfigurationPlatforms) = preSolution
		Debug|Any CPU = Debug|Any CPU
		Release|Any CPU = Release|Any CPU
	EndGlobalSection
	GlobalSection(ProjectConfigurationPlatforms) = postSolution
		{70FDEA48-9911-4111-B26E-6B059D08A998}.Debug|Any CPU.ActiveCfg = Debug|Any CPU
		{70FDEA48-9911-4111-B26E-6B059D08A998}.Debug|Any CPU.Build.0 = Debug|Any CPU
		{70FDEA48-9911-4111-B26E-6B059D08A998}.Release|Any CPU.ActiveCfg = Release|Any CPU
		{70FDEA48-9911-4111-B26E-6B059D08A998}.Release|Any CPU.Build.0 = Release|Any CPU
	EndGlobalSection
	GlobalSection(SolutionProperties) = preSolution
		HideSolutionNode = FALSE
	EndGlobalSection
	GlobalSection(ExtensibilityGlobals) = postSolution
		SolutionGuid = {F9BA4F54-A61A-438B-8314-4DF0BED82A8F}
	EndGlobalSection
EndGlobal
